
Microsoft Visual Studio Solution File, Format Version 12.00
# Visual Studio Version 16
VisualStudioVersion = 16.0.30626.31
MinimumVisualStudioVersion = 15.0.26124.0
Project("{2150E333-8FDC-42A3-9474-1A3956D46DE8}") = "src", "src", "{5F789C09-1544-4C78-A4A1-CF897D4B593B}"
	ProjectSection(SolutionItems) = preProject
		Directory.Build.props = Directory.Build.props
	EndProjectSection
EndProject
Project("{9A19103F-16F7-4668-BE54-9A1E7A4F7556}") = "Xenial.Licensing.Api", "src\Xenial.Licensing.Api\Xenial.Licensing.Api.csproj", "{7974C8E6-2E2E-4527-B526-69263B2BD264}"
EndProject
Project("{9A19103F-16F7-4668-BE54-9A1E7A4F7556}") = "Xenial.Licensing.Cli", "src\Xenial.Licensing.Cli\Xenial.Licensing.Cli.csproj", "{69C1415C-AE78-4952-BFAE-8FB2E1DF0569}"
EndProject
Project("{9A19103F-16F7-4668-BE54-9A1E7A4F7556}") = "Xenial.Licensing.Model", "src\Xenial.Licensing.Model\Xenial.Licensing.Model.csproj", "{9E50F767-A428-4022-B40B-3C8039F01DDF}"
EndProject
Project("{9A19103F-16F7-4668-BE54-9A1E7A4F7556}") = "Xenial.Licensing.Module", "src\Xenial.Licensing.Module\Xenial.Licensing.Module.csproj", "{A2DD82E8-6591-4FC3-B002-4345726BB133}"
EndProject
Project("{9A19103F-16F7-4668-BE54-9A1E7A4F7556}") = "Xenial.Licensing.Module.Blazor", "src\Xenial.Licensing.Module.Blazor\Xenial.Licensing.Module.Blazor.csproj", "{BF036B25-3008-48D1-93CA-5F233E2A3166}"
EndProject
Project("{9A19103F-16F7-4668-BE54-9A1E7A4F7556}") = "Xenial.Licensing.Blazor.Server", "src\Xenial.Licensing.Blazor.Server\Xenial.Licensing.Blazor.Server.csproj", "{738FEB93-B0F0-45EB-90C3-A5A01E14CA1A}"
EndProject
Project("{9A19103F-16F7-4668-BE54-9A1E7A4F7556}") = "Xenial.Licensing.Domain", "src\Xenial.Licensing.Domain\Xenial.Licensing.Domain.csproj", "{B436E5C6-C969-4990-BD38-A31084232786}"
EndProject
Project("{9A19103F-16F7-4668-BE54-9A1E7A4F7556}") = "Xenial.Licensing.Tests", "src\Xenial.Licensing.Tests\Xenial.Licensing.Tests.csproj", "{E3D37688-285C-4952-A050-9E2DA7561605}"
EndProject
Global
	GlobalSection(SolutionConfigurationPlatforms) = preSolution
		Debug|Any CPU = Debug|Any CPU
		Debug|x64 = Debug|x64
		Debug|x86 = Debug|x86
		EasyTest|Any CPU = EasyTest|Any CPU
		EasyTest|x64 = EasyTest|x64
		EasyTest|x86 = EasyTest|x86
		Release|Any CPU = Release|Any CPU
		Release|x64 = Release|x64
		Release|x86 = Release|x86
	EndGlobalSection
	GlobalSection(ProjectConfigurationPlatforms) = postSolution
		{7974C8E6-2E2E-4527-B526-69263B2BD264}.Debug|Any CPU.ActiveCfg = Debug|Any CPU
		{7974C8E6-2E2E-4527-B526-69263B2BD264}.Debug|Any CPU.Build.0 = Debug|Any CPU
		{7974C8E6-2E2E-4527-B526-69263B2BD264}.Debug|x64.ActiveCfg = Debug|Any CPU
		{7974C8E6-2E2E-4527-B526-69263B2BD264}.Debug|x64.Build.0 = Debug|Any CPU
		{7974C8E6-2E2E-4527-B526-69263B2BD264}.Debug|x86.ActiveCfg = Debug|Any CPU
		{7974C8E6-2E2E-4527-B526-69263B2BD264}.Debug|x86.Build.0 = Debug|Any CPU
		{7974C8E6-2E2E-4527-B526-69263B2BD264}.EasyTest|Any CPU.ActiveCfg = Release|Any CPU
		{7974C8E6-2E2E-4527-B526-69263B2BD264}.EasyTest|Any CPU.Build.0 = Release|Any CPU
		{7974C8E6-2E2E-4527-B526-69263B2BD264}.EasyTest|x64.ActiveCfg = Release|Any CPU
		{7974C8E6-2E2E-4527-B526-69263B2BD264}.EasyTest|x64.Build.0 = Release|Any CPU
		{7974C8E6-2E2E-4527-B526-69263B2BD264}.EasyTest|x86.ActiveCfg = Release|Any CPU
		{7974C8E6-2E2E-4527-B526-69263B2BD264}.EasyTest|x86.Build.0 = Release|Any CPU
		{7974C8E6-2E2E-4527-B526-69263B2BD264}.Release|Any CPU.ActiveCfg = Release|Any CPU
		{7974C8E6-2E2E-4527-B526-69263B2BD264}.Release|Any CPU.Build.0 = Release|Any CPU
		{7974C8E6-2E2E-4527-B526-69263B2BD264}.Release|x64.ActiveCfg = Release|Any CPU
		{7974C8E6-2E2E-4527-B526-69263B2BD264}.Release|x64.Build.0 = Release|Any CPU
		{7974C8E6-2E2E-4527-B526-69263B2BD264}.Release|x86.ActiveCfg = Release|Any CPU
		{7974C8E6-2E2E-4527-B526-69263B2BD264}.Release|x86.Build.0 = Release|Any CPU
		{69C1415C-AE78-4952-BFAE-8FB2E1DF0569}.Debug|Any CPU.ActiveCfg = Debug|Any CPU
		{69C1415C-AE78-4952-BFAE-8FB2E1DF0569}.Debug|Any CPU.Build.0 = Debug|Any CPU
		{69C1415C-AE78-4952-BFAE-8FB2E1DF0569}.Debug|x64.ActiveCfg = Debug|Any CPU
		{69C1415C-AE78-4952-BFAE-8FB2E1DF0569}.Debug|x64.Build.0 = Debug|Any CPU
		{69C1415C-AE78-4952-BFAE-8FB2E1DF0569}.Debug|x86.ActiveCfg = Debug|Any CPU
		{69C1415C-AE78-4952-BFAE-8FB2E1DF0569}.Debug|x86.Build.0 = Debug|Any CPU
		{69C1415C-AE78-4952-BFAE-8FB2E1DF0569}.EasyTest|Any CPU.ActiveCfg = Release|Any CPU
		{69C1415C-AE78-4952-BFAE-8FB2E1DF0569}.EasyTest|Any CPU.Build.0 = Release|Any CPU
		{69C1415C-AE78-4952-BFAE-8FB2E1DF0569}.EasyTest|x64.ActiveCfg = Release|Any CPU
		{69C1415C-AE78-4952-BFAE-8FB2E1DF0569}.EasyTest|x64.Build.0 = Release|Any CPU
		{69C1415C-AE78-4952-BFAE-8FB2E1DF0569}.EasyTest|x86.ActiveCfg = Release|Any CPU
		{69C1415C-AE78-4952-BFAE-8FB2E1DF0569}.EasyTest|x86.Build.0 = Release|Any CPU
		{69C1415C-AE78-4952-BFAE-8FB2E1DF0569}.Release|Any CPU.ActiveCfg = Release|Any CPU
		{69C1415C-AE78-4952-BFAE-8FB2E1DF0569}.Release|Any CPU.Build.0 = Release|Any CPU
		{69C1415C-AE78-4952-BFAE-8FB2E1DF0569}.Release|x64.ActiveCfg = Release|Any CPU
		{69C1415C-AE78-4952-BFAE-8FB2E1DF0569}.Release|x64.Build.0 = Release|Any CPU
		{69C1415C-AE78-4952-BFAE-8FB2E1DF0569}.Release|x86.ActiveCfg = Release|Any CPU
		{69C1415C-AE78-4952-BFAE-8FB2E1DF0569}.Release|x86.Build.0 = Release|Any CPU
		{9E50F767-A428-4022-B40B-3C8039F01DDF}.Debug|Any CPU.ActiveCfg = Debug|Any CPU
		{9E50F767-A428-4022-B40B-3C8039F01DDF}.Debug|Any CPU.Build.0 = Debug|Any CPU
		{9E50F767-A428-4022-B40B-3C8039F01DDF}.Debug|x64.ActiveCfg = Debug|Any CPU
		{9E50F767-A428-4022-B40B-3C8039F01DDF}.Debug|x64.Build.0 = Debug|Any CPU
		{9E50F767-A428-4022-B40B-3C8039F01DDF}.Debug|x86.ActiveCfg = Debug|Any CPU
		{9E50F767-A428-4022-B40B-3C8039F01DDF}.Debug|x86.Build.0 = Debug|Any CPU
		{9E50F767-A428-4022-B40B-3C8039F01DDF}.EasyTest|Any CPU.ActiveCfg = Release|Any CPU
		{9E50F767-A428-4022-B40B-3C8039F01DDF}.EasyTest|Any CPU.Build.0 = Release|Any CPU
		{9E50F767-A428-4022-B40B-3C8039F01DDF}.EasyTest|x64.ActiveCfg = Release|Any CPU
		{9E50F767-A428-4022-B40B-3C8039F01DDF}.EasyTest|x64.Build.0 = Release|Any CPU
		{9E50F767-A428-4022-B40B-3C8039F01DDF}.EasyTest|x86.ActiveCfg = Release|Any CPU
		{9E50F767-A428-4022-B40B-3C8039F01DDF}.EasyTest|x86.Build.0 = Release|Any CPU
		{9E50F767-A428-4022-B40B-3C8039F01DDF}.Release|Any CPU.ActiveCfg = Release|Any CPU
		{9E50F767-A428-4022-B40B-3C8039F01DDF}.Release|Any CPU.Build.0 = Release|Any CPU
		{9E50F767-A428-4022-B40B-3C8039F01DDF}.Release|x64.ActiveCfg = Release|Any CPU
		{9E50F767-A428-4022-B40B-3C8039F01DDF}.Release|x64.Build.0 = Release|Any CPU
		{9E50F767-A428-4022-B40B-3C8039F01DDF}.Release|x86.ActiveCfg = Release|Any CPU
		{9E50F767-A428-4022-B40B-3C8039F01DDF}.Release|x86.Build.0 = Release|Any CPU
		{A2DD82E8-6591-4FC3-B002-4345726BB133}.Debug|Any CPU.ActiveCfg = Debug|Any CPU
		{A2DD82E8-6591-4FC3-B002-4345726BB133}.Debug|Any CPU.Build.0 = Debug|Any CPU
		{A2DD82E8-6591-4FC3-B002-4345726BB133}.Debug|x64.ActiveCfg = Debug|Any CPU
		{A2DD82E8-6591-4FC3-B002-4345726BB133}.Debug|x64.Build.0 = Debug|Any CPU
		{A2DD82E8-6591-4FC3-B002-4345726BB133}.Debug|x86.ActiveCfg = Debug|Any CPU
		{A2DD82E8-6591-4FC3-B002-4345726BB133}.Debug|x86.Build.0 = Debug|Any CPU
		{A2DD82E8-6591-4FC3-B002-4345726BB133}.EasyTest|Any CPU.ActiveCfg = EasyTest|Any CPU
		{A2DD82E8-6591-4FC3-B002-4345726BB133}.EasyTest|Any CPU.Build.0 = EasyTest|Any CPU
		{A2DD82E8-6591-4FC3-B002-4345726BB133}.EasyTest|x64.ActiveCfg = EasyTest|Any CPU
		{A2DD82E8-6591-4FC3-B002-4345726BB133}.EasyTest|x64.Build.0 = EasyTest|Any CPU
		{A2DD82E8-6591-4FC3-B002-4345726BB133}.EasyTest|x86.ActiveCfg = EasyTest|Any CPU
		{A2DD82E8-6591-4FC3-B002-4345726BB133}.EasyTest|x86.Build.0 = EasyTest|Any CPU
		{A2DD82E8-6591-4FC3-B002-4345726BB133}.Release|Any CPU.ActiveCfg = Release|Any CPU
		{A2DD82E8-6591-4FC3-B002-4345726BB133}.Release|Any CPU.Build.0 = Release|Any CPU
		{A2DD82E8-6591-4FC3-B002-4345726BB133}.Release|x64.ActiveCfg = Release|Any CPU
		{A2DD82E8-6591-4FC3-B002-4345726BB133}.Release|x64.Build.0 = Release|Any CPU
		{A2DD82E8-6591-4FC3-B002-4345726BB133}.Release|x86.ActiveCfg = Release|Any CPU
		{A2DD82E8-6591-4FC3-B002-4345726BB133}.Release|x86.Build.0 = Release|Any CPU
		{BF036B25-3008-48D1-93CA-5F233E2A3166}.Debug|Any CPU.ActiveCfg = Debug|Any CPU
		{BF036B25-3008-48D1-93CA-5F233E2A3166}.Debug|Any CPU.Build.0 = Debug|Any CPU
		{BF036B25-3008-48D1-93CA-5F233E2A3166}.Debug|x64.ActiveCfg = Debug|Any CPU
		{BF036B25-3008-48D1-93CA-5F233E2A3166}.Debug|x64.Build.0 = Debug|Any CPU
		{BF036B25-3008-48D1-93CA-5F233E2A3166}.Debug|x86.ActiveCfg = Debug|Any CPU
		{BF036B25-3008-48D1-93CA-5F233E2A3166}.Debug|x86.Build.0 = Debug|Any CPU
		{BF036B25-3008-48D1-93CA-5F233E2A3166}.EasyTest|Any CPU.ActiveCfg = EasyTest|Any CPU
		{BF036B25-3008-48D1-93CA-5F233E2A3166}.EasyTest|Any CPU.Build.0 = EasyTest|Any CPU
		{BF036B25-3008-48D1-93CA-5F233E2A3166}.EasyTest|x64.ActiveCfg = EasyTest|Any CPU
		{BF036B25-3008-48D1-93CA-5F233E2A3166}.EasyTest|x64.Build.0 = EasyTest|Any CPU
		{BF036B25-3008-48D1-93CA-5F233E2A3166}.EasyTest|x86.ActiveCfg = EasyTest|Any CPU
		{BF036B25-3008-48D1-93CA-5F233E2A3166}.EasyTest|x86.Build.0 = EasyTest|Any CPU
		{BF036B25-3008-48D1-93CA-5F233E2A3166}.Release|Any CPU.ActiveCfg = Release|Any CPU
		{BF036B25-3008-48D1-93CA-5F233E2A3166}.Release|Any CPU.Build.0 = Release|Any CPU
		{BF036B25-3008-48D1-93CA-5F233E2A3166}.Release|x64.ActiveCfg = Release|Any CPU
		{BF036B25-3008-48D1-93CA-5F233E2A3166}.Release|x64.Build.0 = Release|Any CPU
		{BF036B25-3008-48D1-93CA-5F233E2A3166}.Release|x86.ActiveCfg = Release|Any CPU
		{BF036B25-3008-48D1-93CA-5F233E2A3166}.Release|x86.Build.0 = Release|Any CPU
		{738FEB93-B0F0-45EB-90C3-A5A01E14CA1A}.Debug|Any CPU.ActiveCfg = Debug|Any CPU
		{738FEB93-B0F0-45EB-90C3-A5A01E14CA1A}.Debug|Any CPU.Build.0 = Debug|Any CPU
		{738FEB93-B0F0-45EB-90C3-A5A01E14CA1A}.Debug|x64.ActiveCfg = Debug|Any CPU
		{738FEB93-B0F0-45EB-90C3-A5A01E14CA1A}.Debug|x64.Build.0 = Debug|Any CPU
		{738FEB93-B0F0-45EB-90C3-A5A01E14CA1A}.Debug|x86.ActiveCfg = Debug|Any CPU
		{738FEB93-B0F0-45EB-90C3-A5A01E14CA1A}.Debug|x86.Build.0 = Debug|Any CPU
		{738FEB93-B0F0-45EB-90C3-A5A01E14CA1A}.EasyTest|Any CPU.ActiveCfg = EasyTest|Any CPU
		{738FEB93-B0F0-45EB-90C3-A5A01E14CA1A}.EasyTest|Any CPU.Build.0 = EasyTest|Any CPU
		{738FEB93-B0F0-45EB-90C3-A5A01E14CA1A}.EasyTest|x64.ActiveCfg = EasyTest|Any CPU
		{738FEB93-B0F0-45EB-90C3-A5A01E14CA1A}.EasyTest|x64.Build.0 = EasyTest|Any CPU
		{738FEB93-B0F0-45EB-90C3-A5A01E14CA1A}.EasyTest|x86.ActiveCfg = EasyTest|Any CPU
		{738FEB93-B0F0-45EB-90C3-A5A01E14CA1A}.EasyTest|x86.Build.0 = EasyTest|Any CPU
		{738FEB93-B0F0-45EB-90C3-A5A01E14CA1A}.Release|Any CPU.ActiveCfg = Release|Any CPU
		{738FEB93-B0F0-45EB-90C3-A5A01E14CA1A}.Release|Any CPU.Build.0 = Release|Any CPU
		{738FEB93-B0F0-45EB-90C3-A5A01E14CA1A}.Release|x64.ActiveCfg = Release|Any CPU
		{738FEB93-B0F0-45EB-90C3-A5A01E14CA1A}.Release|x64.Build.0 = Release|Any CPU
		{738FEB93-B0F0-45EB-90C3-A5A01E14CA1A}.Release|x86.ActiveCfg = Release|Any CPU
		{738FEB93-B0F0-45EB-90C3-A5A01E14CA1A}.Release|x86.Build.0 = Release|Any CPU
		{B436E5C6-C969-4990-BD38-A31084232786}.Debug|Any CPU.ActiveCfg = Debug|Any CPU
		{B436E5C6-C969-4990-BD38-A31084232786}.Debug|Any CPU.Build.0 = Debug|Any CPU
		{B436E5C6-C969-4990-BD38-A31084232786}.Debug|x64.ActiveCfg = Debug|Any CPU
		{B436E5C6-C969-4990-BD38-A31084232786}.Debug|x64.Build.0 = Debug|Any CPU
		{B436E5C6-C969-4990-BD38-A31084232786}.Debug|x86.ActiveCfg = Debug|Any CPU
		{B436E5C6-C969-4990-BD38-A31084232786}.Debug|x86.Build.0 = Debug|Any CPU
		{B436E5C6-C969-4990-BD38-A31084232786}.EasyTest|Any CPU.ActiveCfg = Debug|Any CPU
		{B436E5C6-C969-4990-BD38-A31084232786}.EasyTest|Any CPU.Build.0 = Debug|Any CPU
		{B436E5C6-C969-4990-BD38-A31084232786}.EasyTest|x64.ActiveCfg = Debug|Any CPU
		{B436E5C6-C969-4990-BD38-A31084232786}.EasyTest|x64.Build.0 = Debug|Any CPU
		{B436E5C6-C969-4990-BD38-A31084232786}.EasyTest|x86.ActiveCfg = Debug|Any CPU
		{B436E5C6-C969-4990-BD38-A31084232786}.EasyTest|x86.Build.0 = Debug|Any CPU
		{B436E5C6-C969-4990-BD38-A31084232786}.Release|Any CPU.ActiveCfg = Release|Any CPU
		{B436E5C6-C969-4990-BD38-A31084232786}.Release|Any CPU.Build.0 = Release|Any CPU
		{B436E5C6-C969-4990-BD38-A31084232786}.Release|x64.ActiveCfg = Release|Any CPU
		{B436E5C6-C969-4990-BD38-A31084232786}.Release|x64.Build.0 = Release|Any CPU
		{B436E5C6-C969-4990-BD38-A31084232786}.Release|x86.ActiveCfg = Release|Any CPU
		{B436E5C6-C969-4990-BD38-A31084232786}.Release|x86.Build.0 = Release|Any CPU
		{E3D37688-285C-4952-A050-9E2DA7561605}.Debug|Any CPU.ActiveCfg = Debug|Any CPU
		{E3D37688-285C-4952-A050-9E2DA7561605}.Debug|Any CPU.Build.0 = Debug|Any CPU
		{E3D37688-285C-4952-A050-9E2DA7561605}.Debug|x64.ActiveCfg = Debug|Any CPU
		{E3D37688-285C-4952-A050-9E2DA7561605}.Debug|x64.Build.0 = Debug|Any CPU
		{E3D37688-285C-4952-A050-9E2DA7561605}.Debug|x86.ActiveCfg = Debug|Any CPU
		{E3D37688-285C-4952-A050-9E2DA7561605}.Debug|x86.Build.0 = Debug|Any CPU
		{E3D37688-285C-4952-A050-9E2DA7561605}.EasyTest|Any CPU.ActiveCfg = Debug|Any CPU
		{E3D37688-285C-4952-A050-9E2DA7561605}.EasyTest|Any CPU.Build.0 = Debug|Any CPU
		{E3D37688-285C-4952-A050-9E2DA7561605}.EasyTest|x64.ActiveCfg = Debug|Any CPU
		{E3D37688-285C-4952-A050-9E2DA7561605}.EasyTest|x64.Build.0 = Debug|Any CPU
		{E3D37688-285C-4952-A050-9E2DA7561605}.EasyTest|x86.ActiveCfg = Debug|Any CPU
		{E3D37688-285C-4952-A050-9E2DA7561605}.EasyTest|x86.Build.0 = Debug|Any CPU
		{E3D37688-285C-4952-A050-9E2DA7561605}.Release|Any CPU.ActiveCfg = Release|Any CPU
		{E3D37688-285C-4952-A050-9E2DA7561605}.Release|Any CPU.Build.0 = Release|Any CPU
		{E3D37688-285C-4952-A050-9E2DA7561605}.Release|x64.ActiveCfg = Release|Any CPU
		{E3D37688-285C-4952-A050-9E2DA7561605}.Release|x64.Build.0 = Release|Any CPU
		{E3D37688-285C-4952-A050-9E2DA7561605}.Release|x86.ActiveCfg = Release|Any CPU
		{E3D37688-285C-4952-A050-9E2DA7561605}.Release|x86.Build.0 = Release|Any CPU
	EndGlobalSection
	GlobalSection(SolutionProperties) = preSolution
		HideSolutionNode = FALSE
	EndGlobalSection
	GlobalSection(NestedProjects) = preSolution
		{7974C8E6-2E2E-4527-B526-69263B2BD264} = {5F789C09-1544-4C78-A4A1-CF897D4B593B}
		{69C1415C-AE78-4952-BFAE-8FB2E1DF0569} = {5F789C09-1544-4C78-A4A1-CF897D4B593B}
		{9E50F767-A428-4022-B40B-3C8039F01DDF} = {5F789C09-1544-4C78-A4A1-CF897D4B593B}
		{A2DD82E8-6591-4FC3-B002-4345726BB133} = {5F789C09-1544-4C78-A4A1-CF897D4B593B}
		{BF036B25-3008-48D1-93CA-5F233E2A3166} = {5F789C09-1544-4C78-A4A1-CF897D4B593B}
		{738FEB93-B0F0-45EB-90C3-A5A01E14CA1A} = {5F789C09-1544-4C78-A4A1-CF897D4B593B}
		{B436E5C6-C969-4990-BD38-A31084232786} = {5F789C09-1544-4C78-A4A1-CF897D4B593B}
		{E3D37688-285C-4952-A050-9E2DA7561605} = {5F789C09-1544-4C78-A4A1-CF897D4B593B}
	EndGlobalSection
	GlobalSection(ExtensibilityGlobals) = postSolution
		SolutionGuid = {5F832FFA-94E9-4654-BE14-FBE321E32E8D}
	EndGlobalSection
EndGlobal
